
Microsoft Visual Studio Solution File, Format Version 12.00
# Visual Studio Version 16
VisualStudioVersion = 16.0.31624.102
MinimumVisualStudioVersion = 10.0.40219.1
Project("{FAE04EC0-301F-11D3-BF4B-00C04F79EFBC}") = "FilmApp", "FilmApp\FilmApp.csproj", "{D3A33652-E636-4FBE-9615-FEAC4ECDC9BC}"
EndProject
Global
	GlobalSection(SolutionConfigurationPlatforms) = preSolution
		Debug|Any CPU = Debug|Any CPU
		Release|Any CPU = Release|Any CPU
	EndGlobalSection
	GlobalSection(ProjectConfigurationPlatforms) = postSolution
		{D3A33652-E636-4FBE-9615-FEAC4ECDC9BC}.Debug|Any CPU.ActiveCfg = Debug|Any CPU
		{D3A33652-E636-4FBE-9615-FEAC4ECDC9BC}.Debug|Any CPU.Build.0 = Debug|Any CPU
		{D3A33652-E636-4FBE-9615-FEAC4ECDC9BC}.Release|Any CPU.ActiveCfg = Release|Any CPU
		{D3A33652-E636-4FBE-9615-FEAC4ECDC9BC}.Release|Any CPU.Build.0 = Release|Any CPU
	EndGlobalSection
	GlobalSection(SolutionProperties) = preSolution
		HideSolutionNode = FALSE
	EndGlobalSection
	GlobalSection(ExtensibilityGlobals) = postSolution
		SolutionGuid = {8ED02A0E-887A-410C-AB8B-319F22609FE3}
	EndGlobalSection
EndGlobal
